
Microsoft Visual Studio Solution File, Format Version 12.00
# Visual Studio 15
VisualStudioVersion = 15.0.28010.2050
MinimumVisualStudioVersion = 10.0.40219.1
Project("{2150E333-8FDC-42A3-9474-1A3956D46DE8}") = "onigwrap", "onigwrap", "{E921A3CA-5182-4D58-AE23-BD74F63FAF54}"
	ProjectSection(SolutionItems) = preProject
		..\onigwrap\onigwrap.c = ..\onigwrap\onigwrap.c
		..\onigwrap\onigwrap.h = ..\onigwrap\onigwrap.h
	EndProjectSection
EndProject
Project("{FAE04EC0-301F-11D3-BF4B-00C04F79EFBC}") = "OnigRegex", "OnigRegex.csproj", "{85AD8E6F-D10D-4781-B778-F7B7BA73E528}"
EndProject
Project("{FAE04EC0-301F-11D3-BF4B-00C04F79EFBC}") = "OnigWrapConsole", "..\OnigWrapConsole\OnigWrapConsole.csproj", "{7047BBF6-A0ED-44B2-A8A6-DBA7ECCE3652}"
EndProject
Project("{FAE04EC0-301F-11D3-BF4B-00C04F79EFBC}") = "OnigRegexTests", "..\OnigRegexTests\OnigRegexTests.csproj", "{A79863C3-7DFD-43A2-AE7D-79687FFEBABC}"
EndProject
Global
	GlobalSection(SolutionConfigurationPlatforms) = preSolution
		Debug|Any CPU = Debug|Any CPU
		Release|Any CPU = Release|Any CPU
	EndGlobalSection
	GlobalSection(ProjectConfigurationPlatforms) = postSolution
		{85AD8E6F-D10D-4781-B778-F7B7BA73E528}.Debug|Any CPU.ActiveCfg = Debug|Any CPU
		{85AD8E6F-D10D-4781-B778-F7B7BA73E528}.Debug|Any CPU.Build.0 = Debug|Any CPU
		{85AD8E6F-D10D-4781-B778-F7B7BA73E528}.Release|Any CPU.ActiveCfg = Release|Any CPU
		{85AD8E6F-D10D-4781-B778-F7B7BA73E528}.Release|Any CPU.Build.0 = Release|Any CPU
		{7047BBF6-A0ED-44B2-A8A6-DBA7ECCE3652}.Debug|Any CPU.ActiveCfg = Debug|Any CPU
		{7047BBF6-A0ED-44B2-A8A6-DBA7ECCE3652}.Debug|Any CPU.Build.0 = Debug|Any CPU
		{7047BBF6-A0ED-44B2-A8A6-DBA7ECCE3652}.Release|Any CPU.ActiveCfg = Release|Any CPU
		{7047BBF6-A0ED-44B2-A8A6-DBA7ECCE3652}.Release|Any CPU.Build.0 = Release|Any CPU
		{A79863C3-7DFD-43A2-AE7D-79687FFEBABC}.Debug|Any CPU.ActiveCfg = Debug|Any CPU
		{A79863C3-7DFD-43A2-AE7D-79687FFEBABC}.Debug|Any CPU.Build.0 = Debug|Any CPU
		{A79863C3-7DFD-43A2-AE7D-79687FFEBABC}.Release|Any CPU.ActiveCfg = Release|Any CPU
		{A79863C3-7DFD-43A2-AE7D-79687FFEBABC}.Release|Any CPU.Build.0 = Release|Any CPU
	EndGlobalSection
	GlobalSection(SolutionProperties) = preSolution
		HideSolutionNode = FALSE
	EndGlobalSection
	GlobalSection(ExtensibilityGlobals) = postSolution
		SolutionGuid = {DBB50D5D-49A0-4104-B6D3-5D6605069719}
	EndGlobalSection
	GlobalSection(MonoDevelopProperties) = preSolution
		StartupItem = OnigRegex.csproj
	EndGlobalSection
EndGlobal
